# This file is automatically @generated by Cargo.
# It is not intended for manual editing.
version = 3

[[package]]
name = "aho-corasick"
version = "1.0.4"
source = "registry+https://github.com/rust-lang/crates.io-index"
checksum = "6748e8def348ed4d14996fa801f4122cd763fff530258cdc03f64b25f89d3a5a"
dependencies = [
 "memchr",
]

[[package]]
name = "array-init"
version = "2.1.0"
source = "registry+https://github.com/rust-lang/crates.io-index"
checksum = "3d62b7694a562cdf5a74227903507c56ab2cc8bdd1f781ed5cb4cf9c9f810bfc"

[[package]]
name = "arrayref"
version = "0.3.7"
source = "registry+https://github.com/rust-lang/crates.io-index"
checksum = "6b4930d2cb77ce62f89ee5d5289b4ac049559b1c45539271f5ed4fdc7db34545"

[[package]]
name = "arrayvec"
version = "0.7.4"
source = "registry+https://github.com/rust-lang/crates.io-index"
checksum = "96d30a06541fbafbc7f82ed10c06164cfbd2c401138f6addd8404629c4b16711"

[[package]]
name = "autocfg"
version = "1.1.0"
source = "registry+https://github.com/rust-lang/crates.io-index"
checksum = "d468802bab17cbc0cc575e9b053f41e72aa36bfa6b7f55e3529ffa43161b97fa"

[[package]]
name = "bitflags"
version = "2.4.0"
source = "registry+https://github.com/rust-lang/crates.io-index"
checksum = "b4682ae6287fcf752ecaabbfcc7b6f9b72aa33933dc23a554d853aea8eea8635"

[[package]]
name = "bitvec"
version = "1.0.1"
source = "registry+https://github.com/rust-lang/crates.io-index"
checksum = "1bc2832c24239b0141d5674bb9174f9d68a8b5b3f2753311927c172ca46f7e9c"
dependencies = [
 "funty",
 "radium",
 "tap",
 "wyz",
]

[[package]]
name = "blake2"
version = "0.9.2"
source = "registry+https://github.com/rust-lang/crates.io-index"
checksum = "0a4e37d16930f5459780f5621038b6382b9bb37c19016f39fb6b5808d831f174"
dependencies = [
 "crypto-mac",
 "digest 0.9.0",
 "opaque-debug",
]

[[package]]
name = "blake2"
version = "0.10.6"
source = "registry+https://github.com/rust-lang/crates.io-index"
checksum = "46502ad458c9a52b69d4d4d32775c788b7a1b85e8bc9d482d92250fc0e3f8efe"
dependencies = [
 "digest 0.10.7",
]

[[package]]
name = "block-buffer"
version = "0.10.4"
source = "registry+https://github.com/rust-lang/crates.io-index"
checksum = "3078c7629b62d3f0439517fa394996acacc5cbc91c5a20d8c658e77abd503a71"
dependencies = [
 "generic-array",
]

[[package]]
name = "byte-slice-cast"
version = "1.2.2"
source = "registry+https://github.com/rust-lang/crates.io-index"
checksum = "c3ac9f8b63eca6fd385229b3675f6cc0dc5c8a5c8a54a59d4f52ffd670d87b0c"

[[package]]
name = "camino"
version = "1.1.6"
source = "registry+https://github.com/rust-lang/crates.io-index"
checksum = "c59e92b5a388f549b863a7bea62612c09f24c8393560709a54558a9abdfb3b9c"
dependencies = [
 "serde",
]

[[package]]
name = "cargo-platform"
version = "0.1.3"
source = "registry+https://github.com/rust-lang/crates.io-index"
checksum = "2cfa25e60aea747ec7e1124f238816749faa93759c6ff5b31f1ccdda137f4479"
dependencies = [
 "serde",
]

[[package]]
name = "cargo_metadata"
version = "0.13.1"
source = "registry+https://github.com/rust-lang/crates.io-index"
checksum = "081e3f0755c1f380c2d010481b6fa2e02973586d5f2b24eebb7a2a1d98b143d8"
dependencies = [
 "camino",
 "cargo-platform",
 "semver",
 "semver-parser",
 "serde",
 "serde_json",
]

[[package]]
name = "cc"
version = "1.0.83"
source = "registry+https://github.com/rust-lang/crates.io-index"
checksum = "f1174fb0b6ec23863f8b971027804a42614e347eafb0a95bf0b12cdae21fc4d0"
dependencies = [
 "libc",
]

[[package]]
name = "cfg-if"
version = "0.1.10"
source = "registry+https://github.com/rust-lang/crates.io-index"
checksum = "4785bdd1c96b2a846b2bd7cc02e86b6b3dbf14e7e53446c4f54c92a361040822"

[[package]]
name = "cfg-if"
version = "1.0.0"
source = "registry+https://github.com/rust-lang/crates.io-index"
checksum = "baf1de4339761588bc0619e3cbc0120ee582ebb74b53b4efbf79117bd2da40fd"

[[package]]
name = "const_format"
version = "0.2.31"
source = "registry+https://github.com/rust-lang/crates.io-index"
checksum = "c990efc7a285731f9a4378d81aff2f0e85a2c8781a05ef0f8baa8dac54d0ff48"
dependencies = [
 "const_format_proc_macros",
]

[[package]]
name = "const_format_proc_macros"
version = "0.2.31"
source = "registry+https://github.com/rust-lang/crates.io-index"
checksum = "e026b6ce194a874cb9cf32cd5772d1ef9767cc8fcb5765948d74f37a9d8b2bf6"
dependencies = [
 "proc-macro2",
 "quote",
 "unicode-xid",
]

[[package]]
name = "cpufeatures"
version = "0.2.9"
source = "registry+https://github.com/rust-lang/crates.io-index"
checksum = "a17b76ff3a4162b0b27f354a0c87015ddad39d35f9c0c36607a3bdd175dde1f1"
dependencies = [
 "libc",
]

[[package]]
name = "crypto-common"
version = "0.1.6"
source = "registry+https://github.com/rust-lang/crates.io-index"
checksum = "1bfb12502f3fc46cca1bb51ac28df9d618d813cdc3d2f25b9fe775a34af26bb3"
dependencies = [
 "generic-array",
 "typenum",
]

[[package]]
name = "crypto-mac"
version = "0.8.0"
source = "registry+https://github.com/rust-lang/crates.io-index"
checksum = "b584a330336237c1eecd3e94266efb216c56ed91225d634cb2991c5f3fd1aeab"
dependencies = [
 "generic-array",
 "subtle",
]

[[package]]
name = "darling"
version = "0.14.4"
source = "registry+https://github.com/rust-lang/crates.io-index"
checksum = "7b750cb3417fd1b327431a470f388520309479ab0bf5e323505daf0290cd3850"
dependencies = [
 "darling_core",
 "darling_macro",
]

[[package]]
name = "darling_core"
version = "0.14.4"
source = "registry+https://github.com/rust-lang/crates.io-index"
checksum = "109c1ca6e6b7f82cc233a97004ea8ed7ca123a9af07a8230878fcfda9b158bf0"
dependencies = [
 "fnv",
 "ident_case",
 "proc-macro2",
 "quote",
 "strsim",
 "syn 1.0.109",
]

[[package]]
name = "darling_macro"
version = "0.14.4"
source = "registry+https://github.com/rust-lang/crates.io-index"
checksum = "a4aab4dbc9f7611d8b55048a3a16d2d010c2c8334e46304b40ac1cc14bf3b48e"
dependencies = [
 "darling_core",
 "quote",
 "syn 1.0.109",
]

[[package]]
name = "derive_more"
version = "0.99.17"
source = "registry+https://github.com/rust-lang/crates.io-index"
checksum = "4fb810d30a7c1953f91334de7244731fc3f3c10d7fe163338a35b9f640960321"
dependencies = [
 "proc-macro2",
 "quote",
 "syn 1.0.109",
]

[[package]]
name = "digest"
version = "0.9.0"
source = "registry+https://github.com/rust-lang/crates.io-index"
checksum = "d3dd60d1080a57a05ab032377049e0591415d2b31afd7028356dbf3cc6dcb066"
dependencies = [
 "generic-array",
]

[[package]]
name = "digest"
version = "0.10.7"
source = "registry+https://github.com/rust-lang/crates.io-index"
checksum = "9ed9a281f7bc9b7576e61468ba615a66a5c8cfdff42420a70aa82701a3b1e292"
dependencies = [
 "block-buffer",
 "crypto-common",
 "subtle",
]

[[package]]
name = "either"
version = "1.9.0"
source = "registry+https://github.com/rust-lang/crates.io-index"
checksum = "a26ae43d7bcc3b814de94796a5e736d4029efb0ee900c12e2d54c993ad1a1e07"

[[package]]
name = "env_logger"
version = "0.10.0"
source = "registry+https://github.com/rust-lang/crates.io-index"
checksum = "85cdab6a89accf66733ad5a1693a4dcced6aeff64602b634530dd73c1f3ee9f0"
dependencies = [
 "humantime",
 "is-terminal",
 "log",
 "regex",
 "termcolor",
]

[[package]]
name = "equivalent"
version = "1.0.1"
source = "registry+https://github.com/rust-lang/crates.io-index"
checksum = "5443807d6dff69373d433ab9ef5378ad8df50ca6298caf15de6e52e24aaf54d5"

[[package]]
name = "errno"
version = "0.3.2"
source = "registry+https://github.com/rust-lang/crates.io-index"
checksum = "6b30f669a7961ef1631673d2766cc92f52d64f7ef354d4fe0ddfd30ed52f0f4f"
dependencies = [
 "errno-dragonfly",
 "libc",
 "windows-sys",
]

[[package]]
name = "errno-dragonfly"
version = "0.1.2"
source = "registry+https://github.com/rust-lang/crates.io-index"
checksum = "aa68f1b12764fab894d2755d2518754e71b4fd80ecfb822714a1206c2aab39bf"
dependencies = [
 "cc",
 "libc",
]

[[package]]
name = "fnv"
version = "1.0.7"
source = "registry+https://github.com/rust-lang/crates.io-index"
checksum = "3f9eec918d3f24069decb9af1554cad7c880e2da24a9afd88aca000531ab82c1"

[[package]]
name = "fs2"
version = "0.4.3"
source = "registry+https://github.com/rust-lang/crates.io-index"
checksum = "9564fc758e15025b46aa6643b1b77d047d1a56a1aea6e01002ac0c7026876213"
dependencies = [
 "libc",
 "winapi",
]

[[package]]
name = "funty"
version = "2.0.0"
source = "registry+https://github.com/rust-lang/crates.io-index"
checksum = "e6d5a32815ae3f33302d95fdcb2ce17862f8c65363dcfd29360480ba1001fc9c"

[[package]]
name = "generic-array"
version = "0.14.7"
source = "registry+https://github.com/rust-lang/crates.io-index"
checksum = "85649ca51fd72272d7821adaf274ad91c288277713d9c18820d8499a7ff69e9a"
dependencies = [
 "typenum",
 "version_check",
]

[[package]]
name = "hashbrown"
version = "0.14.0"
source = "registry+https://github.com/rust-lang/crates.io-index"
checksum = "2c6201b9ff9fd90a5a3bac2e56a830d0caa509576f0e503818ee82c181b3437a"

[[package]]
name = "heck"
version = "0.3.3"
source = "registry+https://github.com/rust-lang/crates.io-index"
checksum = "6d621efb26863f0e9924c6ac577e8275e5e6b77455db64ffa6c65c904e9e132c"
dependencies = [
 "unicode-segmentation",
]

[[package]]
name = "heck"
version = "0.4.1"
source = "registry+https://github.com/rust-lang/crates.io-index"
checksum = "95505c38b4572b2d910cecb0281560f54b440a19336cbbcb27bf6ce6adc6f5a8"

[[package]]
name = "hermit-abi"
version = "0.3.2"
source = "registry+https://github.com/rust-lang/crates.io-index"
checksum = "443144c8cdadd93ebf52ddb4056d257f5b52c04d3c804e657d19eb73fc33668b"

[[package]]
name = "humantime"
version = "2.1.0"
source = "registry+https://github.com/rust-lang/crates.io-index"
checksum = "9a3a5bfb195931eeb336b2a7b4d761daec841b97f947d34394601737a7bba5e4"

[[package]]
name = "ident_case"
version = "1.0.1"
source = "registry+https://github.com/rust-lang/crates.io-index"
checksum = "b9e0384b61958566e926dc50660321d12159025e767c18e043daf26b70104c39"

[[package]]
name = "impl-serde"
version = "0.4.0"
source = "registry+https://github.com/rust-lang/crates.io-index"
checksum = "ebc88fc67028ae3db0c853baa36269d398d5f45b6982f95549ff5def78c935cd"
dependencies = [
 "serde",
]

[[package]]
name = "impl-trait-for-tuples"
version = "0.2.2"
source = "registry+https://github.com/rust-lang/crates.io-index"
checksum = "11d7a9f6330b71fea57921c9b61c47ee6e84f72d394754eff6163ae67e7395eb"
dependencies = [
 "proc-macro2",
 "quote",
 "syn 1.0.109",
]

[[package]]
name = "indexmap"
version = "2.0.0"
source = "registry+https://github.com/rust-lang/crates.io-index"
checksum = "d5477fe2230a79769d8dc68e0eabf5437907c0457a5614a9e8dddb67f65eb65d"
dependencies = [
 "equivalent",
 "hashbrown",
]

[[package]]
name = "ink"
version = "4.2.1"
source = "registry+https://github.com/rust-lang/crates.io-index"
checksum = "311a988dada2242dc748834b86f330bb37ff25482ceef8767104f512a3c465a7"
dependencies = [
 "derive_more",
 "ink_env",
 "ink_macro",
 "ink_metadata",
 "ink_prelude",
 "ink_primitives",
 "ink_storage",
 "parity-scale-codec",
]

[[package]]
name = "ink_allocator"
version = "4.3.0"
source = "registry+https://github.com/rust-lang/crates.io-index"
checksum = "870914970470fd77a3f42d3c5d1918b562817af127fd063ee8b1d9fbf59aa1fe"
dependencies = [
 "cfg-if 1.0.0",
]

[[package]]
name = "ink_codegen"
version = "4.3.0"
source = "registry+https://github.com/rust-lang/crates.io-index"
checksum = "22d79057b2565df31a10af6510a44b161093f110c5f9c22ad02c20af9cea4c29"
dependencies = [
 "blake2 0.10.6",
 "derive_more",
 "either",
 "env_logger",
 "heck 0.4.1",
 "impl-serde",
 "ink_ir",
 "ink_primitives",
 "itertools",
 "log",
 "parity-scale-codec",
 "proc-macro2",
 "quote",
 "serde",
 "serde_json",
 "syn 2.0.29",
]

[[package]]
name = "ink_engine"
version = "4.3.0"
source = "registry+https://github.com/rust-lang/crates.io-index"
checksum = "722ec3a5eb557124b001c60ff8f961079f6d566af643edea579f152b15822fe5"
dependencies = [
 "blake2 0.10.6",
 "derive_more",
 "ink_primitives",
 "parity-scale-codec",
 "secp256k1",
 "sha2",
 "sha3",
]

[[package]]
name = "ink_env"
version = "4.3.0"
source = "registry+https://github.com/rust-lang/crates.io-index"
checksum = "584e73bc0982f6f1a067bb63ebc75262f6dc54ed2a17060efa73eaba84dc9308"
dependencies = [
 "arrayref",
 "blake2 0.10.6",
 "cfg-if 1.0.0",
 "derive_more",
 "ink_allocator",
 "ink_engine",
 "ink_prelude",
 "ink_primitives",
 "ink_storage_traits",
 "num-traits",
 "parity-scale-codec",
 "paste",
 "rlibc",
 "scale-decode",
 "scale-encode",
 "scale-info",
 "secp256k1",
 "sha2",
 "sha3",
 "static_assertions",
]

[[package]]
name = "ink_ir"
version = "4.3.0"
source = "registry+https://github.com/rust-lang/crates.io-index"
checksum = "5b529c941518e8f450395fab9fe8ebba0a7acbb18778fc7e0a87f6248286ec72"
dependencies = [
 "blake2 0.10.6",
 "either",
 "itertools",
 "proc-macro2",
 "quote",
 "syn 2.0.29",
]

[[package]]
name = "ink_macro"
version = "4.3.0"
source = "registry+https://github.com/rust-lang/crates.io-index"
checksum = "8579576c995ca9baa032584beca19155cbd63b6739570aa9da4d35a0415f4be8"
dependencies = [
 "ink_codegen",
 "ink_ir",
 "ink_primitives",
 "parity-scale-codec",
 "proc-macro2",
 "quote",
 "syn 2.0.29",
 "synstructure 0.13.0",
]

[[package]]
name = "ink_metadata"
version = "4.3.0"
source = "registry+https://github.com/rust-lang/crates.io-index"
checksum = "3fddff95ce3e01f42002fdaf96edda691dbccb08c9ae76d7101daa1fa634e601"
dependencies = [
 "derive_more",
 "impl-serde",
 "ink_prelude",
 "ink_primitives",
 "scale-info",
 "serde",
]

[[package]]
name = "ink_prelude"
version = "4.3.0"
source = "registry+https://github.com/rust-lang/crates.io-index"
checksum = "d8cfdf91d2b442f08efb34dd3780fd6fbd3d033f63b42f62684fe47534948ef6"
dependencies = [
 "cfg-if 1.0.0",
]

[[package]]
name = "ink_primitives"
version = "4.3.0"
source = "registry+https://github.com/rust-lang/crates.io-index"
checksum = "6414bcad12ebf0c3abbbb192a09e4d06e22f662cf3e19545204e1b0684be12a1"
dependencies = [
 "derive_more",
 "ink_prelude",
 "parity-scale-codec",
 "scale-decode",
 "scale-encode",
 "scale-info",
 "xxhash-rust",
]

[[package]]
name = "ink_storage"
version = "4.3.0"
source = "registry+https://github.com/rust-lang/crates.io-index"
checksum = "bd728409de235de0489f71ee2d1beb320613fdb50dda9fa1c564825f4ad06daa"
dependencies = [
 "array-init",
 "cfg-if 1.0.0",
 "derive_more",
 "ink_env",
 "ink_metadata",
 "ink_prelude",
 "ink_primitives",
 "ink_storage_traits",
 "parity-scale-codec",
 "scale-info",
]

[[package]]
name = "ink_storage_traits"
version = "4.3.0"
source = "registry+https://github.com/rust-lang/crates.io-index"
checksum = "a8dcb50f70377ac35c28d63b06383a0a3cbb79542ea4cdc5b00e3e2b3de4a549"
dependencies = [
 "ink_metadata",
 "ink_prelude",
 "ink_primitives",
 "parity-scale-codec",
 "scale-info",
]

[[package]]
name = "is-terminal"
version = "0.4.9"
source = "registry+https://github.com/rust-lang/crates.io-index"
checksum = "cb0889898416213fab133e1d33a0e5858a48177452750691bde3666d0fdbaf8b"
dependencies = [
 "hermit-abi",
 "rustix",
 "windows-sys",
]

[[package]]
name = "itertools"
version = "0.10.5"
source = "registry+https://github.com/rust-lang/crates.io-index"
checksum = "b0fd2260e829bddf4cb6ea802289de2f86d6a7a690192fbe91b3f46e0f2c8473"
dependencies = [
 "either",
]

[[package]]
name = "itoa"
version = "1.0.9"
source = "registry+https://github.com/rust-lang/crates.io-index"
checksum = "af150ab688ff2122fcef229be89cb50dd66af9e01a4ff320cc137eecc9bacc38"

[[package]]
name = "keccak"
version = "0.1.4"
source = "registry+https://github.com/rust-lang/crates.io-index"
checksum = "8f6d5ed8676d904364de097082f4e7d240b571b67989ced0240f08b7f966f940"
dependencies = [
 "cpufeatures",
]

[[package]]
name = "libc"
version = "0.2.147"
source = "registry+https://github.com/rust-lang/crates.io-index"
checksum = "b4668fb0ea861c1df094127ac5f1da3409a82116a4ba74fca2e58ef927159bb3"

[[package]]
name = "linux-raw-sys"
version = "0.4.5"
source = "registry+https://github.com/rust-lang/crates.io-index"
checksum = "57bcfdad1b858c2db7c38303a6d2ad4dfaf5eb53dfeb0910128b2c26d6158503"

[[package]]
name = "log"
version = "0.4.20"
source = "registry+https://github.com/rust-lang/crates.io-index"
checksum = "b5e6163cb8c49088c2c36f57875e58ccd8c87c7427f7fbd50ea6710b2f3f2e8f"

[[package]]
name = "memchr"
version = "2.5.0"
source = "registry+https://github.com/rust-lang/crates.io-index"
checksum = "2dffe52ecf27772e601905b7522cb4ef790d2cc203488bbd0e2fe85fcb74566d"

[[package]]
name = "num-traits"
version = "0.2.16"
source = "registry+https://github.com/rust-lang/crates.io-index"
checksum = "f30b0abd723be7e2ffca1272140fac1a2f084c77ec3e123c192b66af1ee9e6c2"
dependencies = [
 "autocfg",
]

[[package]]
name = "obce"
version = "0.1.0"
source = "git+https://github.com/727-Ventures/obce?branch=polkadot-v0.9.37#d452f6eda1bc1ecb36e7e332d61529ad440d5a89"
dependencies = [
 "ink",
 "ink_engine",
 "obce-macro",
 "parity-scale-codec",
 "scale-info",
]

[[package]]
name = "obce-codegen"
version = "0.1.0"
source = "git+https://github.com/727-Ventures/obce?branch=polkadot-v0.9.37#d452f6eda1bc1ecb36e7e332d61529ad440d5a89"
dependencies = [
 "blake2 0.10.6",
 "itertools",
 "proc-macro2",
 "quote",
 "syn 1.0.109",
 "tuple",
]

[[package]]
name = "obce-macro"
version = "0.1.0"
source = "git+https://github.com/727-Ventures/obce?branch=polkadot-v0.9.37#d452f6eda1bc1ecb36e7e332d61529ad440d5a89"
dependencies = [
 "obce-codegen",
 "proc-macro2",
 "syn 1.0.109",
 "synstructure 0.12.6",
]

[[package]]
name = "once_cell"
version = "1.18.0"
source = "registry+https://github.com/rust-lang/crates.io-index"
checksum = "dd8b5dd2ae5ed71462c540258bedcb51965123ad7e7ccf4b9a8cafaa4a63576d"

[[package]]
name = "opaque-debug"
version = "0.3.0"
source = "registry+https://github.com/rust-lang/crates.io-index"
checksum = "624a8340c38c1b80fd549087862da4ba43e08858af025b236e509b6649fc13d5"

[[package]]
name = "openbrush"
version = "3.1.1"
source = "git+https://github.com/727-Ventures/openbrush-contracts/?tag=3.1.1#13e82f3f02e8ea65a95ea02c381106ea738e1fb8"
dependencies = [
 "ink",
 "openbrush_contracts",
 "openbrush_lang",
 "parity-scale-codec",
 "scale-info",
]

[[package]]
name = "openbrush_contracts"
version = "3.1.1"
source = "git+https://github.com/727-Ventures/openbrush-contracts/?tag=3.1.1#13e82f3f02e8ea65a95ea02c381106ea738e1fb8"
dependencies = [
 "ink",
 "openbrush_lang",
 "pallet-assets-chain-extension",
 "parity-scale-codec",
 "scale-info",
]

[[package]]
name = "openbrush_lang"
version = "3.1.1"
source = "git+https://github.com/727-Ventures/openbrush-contracts/?tag=3.1.1#13e82f3f02e8ea65a95ea02c381106ea738e1fb8"
dependencies = [
 "const_format",
 "ink",
 "openbrush_lang_macro",
 "parity-scale-codec",
 "scale-info",
 "xxhash-rust",
]

[[package]]
name = "openbrush_lang_codegen"
version = "3.1.1"
source = "git+https://github.com/727-Ventures/openbrush-contracts/?tag=3.1.1#13e82f3f02e8ea65a95ea02c381106ea738e1fb8"
dependencies = [
 "blake2 0.9.2",
 "cargo_metadata",
 "fs2",
 "heck 0.3.3",
 "ink_ir",
 "ink_primitives",
 "proc-macro2",
 "quote",
 "serde",
 "serde_json",
 "syn 1.0.109",
 "synstructure 0.12.6",
 "unwrap",
]

[[package]]
name = "openbrush_lang_macro"
version = "3.1.1"
source = "git+https://github.com/727-Ventures/openbrush-contracts/?tag=3.1.1#13e82f3f02e8ea65a95ea02c381106ea738e1fb8"
dependencies = [
 "openbrush_lang_codegen",
 "proc-macro2",
 "syn 1.0.109",
 "synstructure 0.12.6",
]

[[package]]
name = "pallet-assets-chain-extension"
version = "0.1.1"
source = "git+https://github.com/727-ventures/pallet-assets-chain-extension?branch=polkadot-v0.9.37#f8ea374186df2a3fc139c8d585719e58d83df582"
dependencies = [
 "ink",
 "obce",
 "parity-scale-codec",
 "scale-info",
]

[[package]]
name = "parity-scale-codec"
version = "3.6.4"
source = "registry+https://github.com/rust-lang/crates.io-index"
checksum = "dd8e946cc0cc711189c0b0249fb8b599cbeeab9784d83c415719368bb8d4ac64"
dependencies = [
 "arrayvec",
 "bitvec",
 "byte-slice-cast",
 "impl-trait-for-tuples",
 "parity-scale-codec-derive",
 "serde",
]

[[package]]
name = "parity-scale-codec-derive"
version = "3.6.4"
source = "registry+https://github.com/rust-lang/crates.io-index"
checksum = "2a296c3079b5fefbc499e1de58dc26c09b1b9a5952d26694ee89f04a43ebbb3e"
dependencies = [
 "proc-macro-crate",
 "proc-macro2",
 "quote",
 "syn 1.0.109",
]

[[package]]
name = "paste"
version = "1.0.14"
source = "registry+https://github.com/rust-lang/crates.io-index"
checksum = "de3145af08024dea9fa9914f381a17b8fc6034dfb00f3a84013f7ff43f29ed4c"

[[package]]
name = "pest"
version = "2.7.2"
source = "registry+https://github.com/rust-lang/crates.io-index"
checksum = "1acb4a4365a13f749a93f1a094a7805e5cfa0955373a9de860d962eaa3a5fe5a"
dependencies = [
 "thiserror",
 "ucd-trie",
]

[[package]]
name = "proc-macro-crate"
version = "1.3.1"
source = "registry+https://github.com/rust-lang/crates.io-index"
checksum = "7f4c021e1093a56626774e81216a4ce732a735e5bad4868a03f3ed65ca0c3919"
dependencies = [
 "once_cell",
 "toml_edit",
]

[[package]]
name = "proc-macro2"
version = "1.0.66"
source = "registry+https://github.com/rust-lang/crates.io-index"
checksum = "18fb31db3f9bddb2ea821cde30a9f70117e3f119938b5ee630b7403aa6e2ead9"
dependencies = [
 "unicode-ident",
]

[[package]]
name = "quote"
version = "1.0.33"
source = "registry+https://github.com/rust-lang/crates.io-index"
checksum = "5267fca4496028628a95160fc423a33e8b2e6af8a5302579e322e4b520293cae"
dependencies = [
 "proc-macro2",
]

[[package]]
name = "radium"
version = "0.7.0"
source = "registry+https://github.com/rust-lang/crates.io-index"
checksum = "dc33ff2d4973d518d823d61aa239014831e521c75da58e3df4840d3f47749d09"

[[package]]
name = "regex"
version = "1.9.4"
source = "registry+https://github.com/rust-lang/crates.io-index"
checksum = "12de2eff854e5fa4b1295edd650e227e9d8fb0c9e90b12e7f36d6a6811791a29"
dependencies = [
 "aho-corasick",
 "memchr",
 "regex-automata",
 "regex-syntax",
]

[[package]]
name = "regex-automata"
version = "0.3.7"
source = "registry+https://github.com/rust-lang/crates.io-index"
checksum = "49530408a136e16e5b486e883fbb6ba058e8e4e8ae6621a77b048b314336e629"
dependencies = [
 "aho-corasick",
 "memchr",
 "regex-syntax",
]

[[package]]
name = "regex-syntax"
version = "0.7.5"
source = "registry+https://github.com/rust-lang/crates.io-index"
checksum = "dbb5fb1acd8a1a18b3dd5be62d25485eb770e05afb408a9627d14d451bae12da"

[[package]]
name = "rlibc"
version = "1.0.0"
source = "registry+https://github.com/rust-lang/crates.io-index"
checksum = "fc874b127765f014d792f16763a81245ab80500e2ad921ed4ee9e82481ee08fe"

[[package]]
name = "rustix"
version = "0.38.9"
source = "registry+https://github.com/rust-lang/crates.io-index"
checksum = "9bfe0f2582b4931a45d1fa608f8a8722e8b3c7ac54dd6d5f3b3212791fedef49"
dependencies = [
 "bitflags",
 "errno",
 "libc",
 "linux-raw-sys",
 "windows-sys",
]

[[package]]
name = "ryu"
version = "1.0.15"
source = "registry+https://github.com/rust-lang/crates.io-index"
checksum = "1ad4cc8da4ef723ed60bced201181d83791ad433213d8c24efffda1eec85d741"

[[package]]
name = "scale-bits"
version = "0.4.0"
source = "registry+https://github.com/rust-lang/crates.io-index"
checksum = "036575c29af9b6e4866ffb7fa055dbf623fe7a9cc159b33786de6013a6969d89"
dependencies = [
 "parity-scale-codec",
 "scale-info",
]

[[package]]
name = "scale-decode"
version = "0.9.0"
source = "registry+https://github.com/rust-lang/crates.io-index"
checksum = "7789f5728e4e954aaa20cadcc370b99096fb8645fca3c9333ace44bb18f30095"
dependencies = [
 "derive_more",
 "parity-scale-codec",
 "scale-bits",
 "scale-decode-derive",
 "scale-info",
 "smallvec",
]

[[package]]
name = "scale-decode-derive"
version = "0.9.0"
source = "registry+https://github.com/rust-lang/crates.io-index"
checksum = "27873eb6005868f8cc72dcfe109fae664cf51223d35387bc2f28be4c28d94c47"
dependencies = [
 "darling",
 "proc-macro-crate",
 "proc-macro2",
 "quote",
 "syn 1.0.109",
]

[[package]]
name = "scale-encode"
version = "0.5.0"
source = "registry+https://github.com/rust-lang/crates.io-index"
checksum = "6d70cb4b29360105483fac1ed567ff95d65224a14dd275b6303ed0a654c78de5"
dependencies = [
 "derive_more",
 "parity-scale-codec",
 "scale-encode-derive",
 "scale-info",
 "smallvec",
]

[[package]]
name = "scale-encode-derive"
version = "0.5.0"
source = "registry+https://github.com/rust-lang/crates.io-index"
checksum = "995491f110efdc6bea96d6a746140e32bfceb4ea47510750a5467295a4707a25"
dependencies = [
 "darling",
 "proc-macro-crate",
 "proc-macro2",
 "quote",
 "syn 1.0.109",
]

[[package]]
name = "scale-info"
version = "2.9.0"
source = "registry+https://github.com/rust-lang/crates.io-index"
checksum = "35c0a159d0c45c12b20c5a844feb1fe4bea86e28f17b92a5f0c42193634d3782"
dependencies = [
 "bitvec",
 "cfg-if 1.0.0",
 "derive_more",
 "parity-scale-codec",
 "scale-info-derive",
 "serde",
]

[[package]]
name = "scale-info-derive"
version = "2.9.0"
source = "registry+https://github.com/rust-lang/crates.io-index"
checksum = "912e55f6d20e0e80d63733872b40e1227c0bce1e1ab81ba67d696339bfd7fd29"
dependencies = [
 "proc-macro-crate",
 "proc-macro2",
 "quote",
 "syn 1.0.109",
]

[[package]]
name = "secp256k1"
version = "0.27.0"
source = "registry+https://github.com/rust-lang/crates.io-index"
checksum = "25996b82292a7a57ed3508f052cfff8640d38d32018784acd714758b43da9c8f"
dependencies = [
 "secp256k1-sys",
]

[[package]]
name = "secp256k1-sys"
version = "0.8.1"
source = "registry+https://github.com/rust-lang/crates.io-index"
checksum = "70a129b9e9efbfb223753b9163c4ab3b13cff7fd9c7f010fbac25ab4099fa07e"
dependencies = [
 "cc",
]

[[package]]
name = "semver"
version = "0.11.0"
source = "registry+https://github.com/rust-lang/crates.io-index"
checksum = "f301af10236f6df4160f7c3f04eec6dbc70ace82d23326abad5edee88801c6b6"
dependencies = [
 "semver-parser",
 "serde",
]

[[package]]
name = "semver-parser"
version = "0.10.2"
source = "registry+https://github.com/rust-lang/crates.io-index"
checksum = "00b0bef5b7f9e0df16536d3961cfb6e84331c065b4066afb39768d0e319411f7"
dependencies = [
 "pest",
]

[[package]]
name = "serde"
version = "1.0.188"
source = "registry+https://github.com/rust-lang/crates.io-index"
checksum = "cf9e0fcba69a370eed61bcf2b728575f726b50b55cba78064753d708ddc7549e"
dependencies = [
 "serde_derive",
]

[[package]]
name = "serde_derive"
version = "1.0.188"
source = "registry+https://github.com/rust-lang/crates.io-index"
checksum = "4eca7ac642d82aa35b60049a6eccb4be6be75e599bd2e9adb5f875a737654af2"
dependencies = [
 "proc-macro2",
 "quote",
 "syn 2.0.29",
]

[[package]]
name = "serde_json"
version = "1.0.105"
source = "registry+https://github.com/rust-lang/crates.io-index"
checksum = "693151e1ac27563d6dbcec9dee9fbd5da8539b20fa14ad3752b2e6d363ace360"
dependencies = [
 "itoa",
 "ryu",
 "serde",
]

[[package]]
name = "sha2"
version = "0.10.7"
source = "registry+https://github.com/rust-lang/crates.io-index"
checksum = "479fb9d862239e610720565ca91403019f2f00410f1864c5aa7479b950a76ed8"
dependencies = [
 "cfg-if 1.0.0",
 "cpufeatures",
 "digest 0.10.7",
]

[[package]]
name = "sha3"
version = "0.10.8"
source = "registry+https://github.com/rust-lang/crates.io-index"
checksum = "75872d278a8f37ef87fa0ddbda7802605cb18344497949862c0d4dcb291eba60"
dependencies = [
 "digest 0.10.7",
 "keccak",
]

[[package]]
name = "smallvec"
version = "1.11.0"
source = "registry+https://github.com/rust-lang/crates.io-index"
checksum = "62bb4feee49fdd9f707ef802e22365a35de4b7b299de4763d44bfea899442ff9"

[[package]]
name = "static_assertions"
version = "1.1.0"
source = "registry+https://github.com/rust-lang/crates.io-index"
checksum = "a2eb9349b6444b326872e140eb1cf5e7c522154d69e7a0ffb0fb81c06b37543f"

[[package]]
name = "strsim"
version = "0.10.0"
source = "registry+https://github.com/rust-lang/crates.io-index"
checksum = "73473c0e59e6d5812c5dfe2a064a6444949f089e20eec9a2e5506596494e4623"

[[package]]
name = "subtle"
version = "2.5.0"
source = "registry+https://github.com/rust-lang/crates.io-index"
checksum = "81cdd64d312baedb58e21336b31bc043b77e01cc99033ce76ef539f78e965ebc"

[[package]]
name = "syn"
version = "1.0.109"
source = "registry+https://github.com/rust-lang/crates.io-index"
checksum = "72b64191b275b66ffe2469e8af2c1cfe3bafa67b529ead792a6d0160888b4237"
dependencies = [
 "proc-macro2",
 "quote",
 "unicode-ident",
]

[[package]]
name = "syn"
version = "2.0.29"
source = "registry+https://github.com/rust-lang/crates.io-index"
checksum = "c324c494eba9d92503e6f1ef2e6df781e78f6a7705a0202d9801b198807d518a"
dependencies = [
 "proc-macro2",
 "quote",
 "unicode-ident",
]

[[package]]
name = "synstructure"
version = "0.12.6"
source = "registry+https://github.com/rust-lang/crates.io-index"
checksum = "f36bdaa60a83aca3921b5259d5400cbf5e90fc51931376a9bd4a0eb79aa7210f"
dependencies = [
 "proc-macro2",
 "quote",
 "syn 1.0.109",
 "unicode-xid",
]

[[package]]
name = "synstructure"
version = "0.13.0"
source = "registry+https://github.com/rust-lang/crates.io-index"
checksum = "285ba80e733fac80aa4270fbcdf83772a79b80aa35c97075320abfee4a915b06"
dependencies = [
 "proc-macro2",
 "quote",
 "syn 2.0.29",
 "unicode-xid",
]

[[package]]
name = "tap"
version = "1.0.1"
source = "registry+https://github.com/rust-lang/crates.io-index"
checksum = "55937e1799185b12863d447f42597ed69d9928686b8d88a1df17376a097d8369"

[[package]]
name = "termcolor"
version = "1.2.0"
source = "registry+https://github.com/rust-lang/crates.io-index"
checksum = "be55cf8942feac5c765c2c993422806843c9a9a45d4d5c407ad6dd2ea95eb9b6"
dependencies = [
 "winapi-util",
]

[[package]]
name = "thiserror"
version = "1.0.47"
source = "registry+https://github.com/rust-lang/crates.io-index"
checksum = "97a802ec30afc17eee47b2855fc72e0c4cd62be9b4efe6591edde0ec5bd68d8f"
dependencies = [
 "thiserror-impl",
]

[[package]]
name = "thiserror-impl"
version = "1.0.47"
source = "registry+https://github.com/rust-lang/crates.io-index"
checksum = "6bb623b56e39ab7dcd4b1b98bb6c8f8d907ed255b18de254088016b27a8ee19b"
dependencies = [
 "proc-macro2",
 "quote",
 "syn 2.0.29",
]

[[package]]
name = "toml_datetime"
version = "0.6.3"
source = "registry+https://github.com/rust-lang/crates.io-index"
checksum = "7cda73e2f1397b1262d6dfdcef8aafae14d1de7748d66822d3bfeeb6d03e5e4b"

[[package]]
name = "toml_edit"
version = "0.19.14"
source = "registry+https://github.com/rust-lang/crates.io-index"
checksum = "f8123f27e969974a3dfba720fdb560be359f57b44302d280ba72e76a74480e8a"
dependencies = [
 "indexmap",
 "toml_datetime",
 "winnow",
]

[[package]]
name = "tuple"
version = "0.5.1"
source = "registry+https://github.com/rust-lang/crates.io-index"
checksum = "39a40ba241047e1174c927dc5f61c141a166b938d61a2ff61838441368cc7d0e"
dependencies = [
 "num-traits",
 "serde",
]

[[package]]
name = "typenum"
version = "1.16.0"
source = "registry+https://github.com/rust-lang/crates.io-index"
checksum = "497961ef93d974e23eb6f433eb5fe1b7930b659f06d12dec6fc44a8f554c0bba"

[[package]]
name = "ucd-trie"
version = "0.1.6"
source = "registry+https://github.com/rust-lang/crates.io-index"
checksum = "ed646292ffc8188ef8ea4d1e0e0150fb15a5c2e12ad9b8fc191ae7a8a7f3c4b9"

[[package]]
name = "unicode-ident"
version = "1.0.11"
source = "registry+https://github.com/rust-lang/crates.io-index"
checksum = "301abaae475aa91687eb82514b328ab47a211a533026cb25fc3e519b86adfc3c"

[[package]]
name = "unicode-segmentation"
version = "1.10.1"
source = "registry+https://github.com/rust-lang/crates.io-index"
checksum = "1dd624098567895118886609431a7c3b8f516e41d30e0643f03d94592a147e36"

[[package]]
name = "unicode-xid"
version = "0.2.4"
source = "registry+https://github.com/rust-lang/crates.io-index"
checksum = "f962df74c8c05a667b5ee8bcf162993134c104e96440b663c8daa176dc772d8c"

[[package]]
name = "unwrap"
version = "1.2.1"
source = "registry+https://github.com/rust-lang/crates.io-index"
checksum = "7e33648dd74328e622c7be51f3b40a303c63f93e6fa5f08778b6203a4c25c20f"

[[package]]
name = "version_check"
version = "0.9.4"
source = "registry+https://github.com/rust-lang/crates.io-index"
checksum = "49874b5167b65d7193b8aba1567f5c7d93d001cafc34600cee003eda787e483f"

[[package]]
name = "winapi"
version = "0.3.9"
source = "registry+https://github.com/rust-lang/crates.io-index"
checksum = "5c839a674fcd7a98952e593242ea400abe93992746761e38641405d28b00f419"
dependencies = [
 "winapi-i686-pc-windows-gnu",
 "winapi-x86_64-pc-windows-gnu",
]

[[package]]
name = "winapi-i686-pc-windows-gnu"
version = "0.4.0"
source = "registry+https://github.com/rust-lang/crates.io-index"
checksum = "ac3b87c63620426dd9b991e5ce0329eff545bccbbb34f3be09ff6fb6ab51b7b6"

[[package]]
name = "winapi-util"
version = "0.1.5"
source = "registry+https://github.com/rust-lang/crates.io-index"
checksum = "70ec6ce85bb158151cae5e5c87f95a8e97d2c0c4b001223f33a334e3ce5de178"
dependencies = [
 "winapi",
]

[[package]]
name = "winapi-x86_64-pc-windows-gnu"
version = "0.4.0"
source = "registry+https://github.com/rust-lang/crates.io-index"
checksum = "712e227841d057c1ee1cd2fb22fa7e5a5461ae8e48fa2ca79ec42cfc1931183f"

[[package]]
name = "windows-sys"
version = "0.48.0"
source = "registry+https://github.com/rust-lang/crates.io-index"
checksum = "677d2418bec65e3338edb076e806bc1ec15693c5d0104683f2efe857f61056a9"
dependencies = [
 "windows-targets",
]

[[package]]
name = "windows-targets"
version = "0.48.5"
source = "registry+https://github.com/rust-lang/crates.io-index"
checksum = "9a2fa6e2155d7247be68c096456083145c183cbbbc2764150dda45a87197940c"
dependencies = [
 "windows_aarch64_gnullvm",
 "windows_aarch64_msvc",
 "windows_i686_gnu",
 "windows_i686_msvc",
 "windows_x86_64_gnu",
 "windows_x86_64_gnullvm",
 "windows_x86_64_msvc",
]

[[package]]
name = "windows_aarch64_gnullvm"
version = "0.48.5"
source = "registry+https://github.com/rust-lang/crates.io-index"
checksum = "2b38e32f0abccf9987a4e3079dfb67dcd799fb61361e53e2882c3cbaf0d905d8"

[[package]]
name = "windows_aarch64_msvc"
version = "0.48.5"
source = "registry+https://github.com/rust-lang/crates.io-index"
checksum = "dc35310971f3b2dbbf3f0690a219f40e2d9afcf64f9ab7cc1be722937c26b4bc"

[[package]]
name = "windows_i686_gnu"
version = "0.48.5"
source = "registry+https://github.com/rust-lang/crates.io-index"
checksum = "a75915e7def60c94dcef72200b9a8e58e5091744960da64ec734a6c6e9b3743e"

[[package]]
name = "windows_i686_msvc"
version = "0.48.5"
source = "registry+https://github.com/rust-lang/crates.io-index"
checksum = "8f55c233f70c4b27f66c523580f78f1004e8b5a8b659e05a4eb49d4166cca406"

[[package]]
name = "windows_x86_64_gnu"
version = "0.48.5"
source = "registry+https://github.com/rust-lang/crates.io-index"
checksum = "53d40abd2583d23e4718fddf1ebec84dbff8381c07cae67ff7768bbf19c6718e"

[[package]]
name = "windows_x86_64_gnullvm"
version = "0.48.5"
source = "registry+https://github.com/rust-lang/crates.io-index"
checksum = "0b7b52767868a23d5bab768e390dc5f5c55825b6d30b86c844ff2dc7414044cc"

[[package]]
name = "windows_x86_64_msvc"
version = "0.48.5"
source = "registry+https://github.com/rust-lang/crates.io-index"
checksum = "ed94fce61571a4006852b7389a063ab983c02eb1bb37b47f8272ce92d06d9538"

[[package]]
name = "winnow"
version = "0.5.15"
source = "registry+https://github.com/rust-lang/crates.io-index"
checksum = "7c2e3184b9c4e92ad5167ca73039d0c42476302ab603e2fec4487511f38ccefc"
dependencies = [
 "memchr",
]

[[package]]
name = "wrapped_azero"
version = "1.1.0"
dependencies = [
 "cfg-if 0.1.10",
 "ink",
 "num-traits",
 "openbrush",
 "parity-scale-codec",
 "scale-info",
]

[[package]]
name = "wyz"
version = "0.5.1"
source = "registry+https://github.com/rust-lang/crates.io-index"
checksum = "05f360fc0b24296329c78fda852a1e9ae82de9cf7b27dae4b7f62f118f77b9ed"
dependencies = [
 "tap",
]

[[package]]
name = "xxhash-rust"
version = "0.8.6"
source = "registry+https://github.com/rust-lang/crates.io-index"
checksum = "735a71d46c4d68d71d4b24d03fdc2b98e38cea81730595801db779c04fe80d70"
